{
  "requires": true,
  "lockfileVersion": 1,
  "dependencies": {
    "@ngrx/effects": {
      "version": "6.0.1",
      "resolved": "https://registry.npmjs.org/@ngrx/effects/-/effects-6.0.1.tgz",
      "integrity": "sha512-YS68D7E1qKbbOIzV6Iyfv6BY3CrTNi8nBgGJ6whTi6f7Y0apXySvNj9aOQyzuJsePWziu6h0uJhy2ZFT/iELyg=="
    },
    "@ngrx/router-store": {
      "version": "6.0.1",
      "resolved": "https://registry.npmjs.org/@ngrx/router-store/-/router-store-6.0.1.tgz",
      "integrity": "sha512-Nz6HI6cGcWZtRP8Z1eWH0jhkmukQYSpH5AptCcXMjOP2MorHv23Ddw1O+0W6hF8SYX1JvGdaQ2BUJS00MaKfKw=="
    },
    "@ngrx/store": {
      "version": "6.0.1",
      "resolved": "https://registry.npmjs.org/@ngrx/store/-/store-6.0.1.tgz",
      "integrity": "sha512-cSgfT8CgpOr6BOQac9M3DH6QQC5gxCVjdEcZH//Zn/kwdse86X73iK7KWv6B6AiIEdyVbFfggXNZwd/HiyLGOA=="
    }
  }
}
